
Microsoft Visual Studio Solution File, Format Version 12.00
# Visual Studio Version 17
VisualStudioVersion = 17.0.31903.59
MinimumVisualStudioVersion = 10.0.40219.1
Project("{FAE04EC0-301F-11D3-BF4B-00C04F79EFBC}") = "API", "API\API.csproj", "{BD364B86-52E0-49F1-87AE-908221E398C2}"
EndProject
Project("{FAE04EC0-301F-11D3-BF4B-00C04F79EFBC}") = "Core", "Core\Core.csproj", "{D0D22EC4-BC06-4259-88A8-98DB941851E1}"
EndProject
Project("{FAE04EC0-301F-11D3-BF4B-00C04F79EFBC}") = "Infrastructure", "Infrastructure\Infrastructure.csproj", "{1FA97A57-2DCF-44EB-B33A-0EE149A4F52E}"
EndProject
Global
	GlobalSection(SolutionConfigurationPlatforms) = preSolution
		Debug|Any CPU = Debug|Any CPU
		Release|Any CPU = Release|Any CPU
	EndGlobalSection
	GlobalSection(SolutionProperties) = preSolution
		HideSolutionNode = FALSE
	EndGlobalSection
	GlobalSection(ProjectConfigurationPlatforms) = postSolution
		{BD364B86-52E0-49F1-87AE-908221E398C2}.Debug|Any CPU.ActiveCfg = Debug|Any CPU
		{BD364B86-52E0-49F1-87AE-908221E398C2}.Debug|Any CPU.Build.0 = Debug|Any CPU
		{BD364B86-52E0-49F1-87AE-908221E398C2}.Release|Any CPU.ActiveCfg = Release|Any CPU
		{BD364B86-52E0-49F1-87AE-908221E398C2}.Release|Any CPU.Build.0 = Release|Any CPU
		{D0D22EC4-BC06-4259-88A8-98DB941851E1}.Debug|Any CPU.ActiveCfg = Debug|Any CPU
		{D0D22EC4-BC06-4259-88A8-98DB941851E1}.Debug|Any CPU.Build.0 = Debug|Any CPU
		{D0D22EC4-BC06-4259-88A8-98DB941851E1}.Release|Any CPU.ActiveCfg = Release|Any CPU
		{D0D22EC4-BC06-4259-88A8-98DB941851E1}.Release|Any CPU.Build.0 = Release|Any CPU
		{1FA97A57-2DCF-44EB-B33A-0EE149A4F52E}.Debug|Any CPU.ActiveCfg = Debug|Any CPU
		{1FA97A57-2DCF-44EB-B33A-0EE149A4F52E}.Debug|Any CPU.Build.0 = Debug|Any CPU
		{1FA97A57-2DCF-44EB-B33A-0EE149A4F52E}.Release|Any CPU.ActiveCfg = Release|Any CPU
		{1FA97A57-2DCF-44EB-B33A-0EE149A4F52E}.Release|Any CPU.Build.0 = Release|Any CPU
	EndGlobalSection
EndGlobal
